// !$*UTF8*$!
{
	archiveVersion = 1;
	classes = {
	};
	objectVersion = 46;
	objects = {

/* Begin PBXBuildFile section */
		2CC5F1621AAB58110033DC29 /* AppDelegate.swift in Sources */ = {isa = PBXBuildFile; fileRef = 2CC5F1611AAB58110033DC29 /* AppDelegate.swift */; };
		2CC5F1641AAB58110033DC29 /* ViewController.swift in Sources */ = {isa = PBXBuildFile; fileRef = 2CC5F1631AAB58110033DC29 /* ViewController.swift */; };
		2CC5F1671AAB58110033DC29 /* Main.storyboard in Resources */ = {isa = PBXBuildFile; fileRef = 2CC5F1651AAB58110033DC29 /* Main.storyboard */; };
		2CC5F1691AAB58110033DC29 /* Images.xcassets in Resources */ = {isa = PBXBuildFile; fileRef = 2CC5F1681AAB58110033DC29 /* Images.xcassets */; };
		2CC5F16C1AAB58110033DC29 /* LaunchScreen.xib in Resources */ = {isa = PBXBuildFile; fileRef = 2CC5F16A1AAB58110033DC29 /* LaunchScreen.xib */; };
		2CC5F1781AAB58110033DC29 /* WhiteMeteorTests.swift in Sources */ = {isa = PBXBuildFile; fileRef = 2CC5F1771AAB58110033DC29 /* WhiteMeteorTests.swift */; };
/* End PBXBuildFile section */

/* Begin PBXContainerItemProxy section */
		2CC5F1721AAB58110033DC29 /* PBXContainerItemProxy */ = {
			isa = PBXContainerItemProxy;
			containerPortal = 2CC5F1541AAB58100033DC29 /* Project object */;
			proxyType = 1;
			remoteGlobalIDString = 2CC5F15B1AAB58110033DC29;
			remoteInfo = WhiteMeteor;
		};
/* End PBXContainerItemProxy section */

/* Begin PBXFileReference section */
		2CC5F15C1AAB58110033DC29 /* WhiteMeteor.app */ = {isa = PBXFileReference; explicitFileType = wrapper.application; includeInIndex = 0; path = WhiteMeteor.app; sourceTree = BUILT_PRODUCTS_DIR; };
		2CC5F1601AAB58110033DC29 /* Info.plist */ = {isa = PBXFileReference; lastKnownFileType = text.plist.xml; path = Info.plist; sourceTree = "<group>"; };
		2CC5F1611AAB58110033DC29 /* AppDelegate.swift */ = {isa = PBXFileReference; lastKnownFileType = sourcecode.swift; path = AppDelegate.swift; sourceTree = "<group>"; };
		2CC5F1631AAB58110033DC29 /* ViewController.swift */ = {isa = PBXFileReference; lastKnownFileType = sourcecode.swift; path = ViewController.swift; sourceTree = "<group>"; };
		2CC5F1661AAB58110033DC29 /* Base */ = {isa = PBXFileReference; lastKnownFileType = file.storyboard; name = Base; path = Base.lproj/Main.storyboard; sourceTree = "<group>"; };
		2CC5F1681AAB58110033DC29 /* Images.xcassets */ = {isa = PBXFileReference; lastKnownFileType = folder.assetcatalog; path = Images.xcassets; sourceTree = "<group>"; };
		2CC5F16B1AAB58110033DC29 /* Base */ = {isa = PBXFileReference; lastKnownFileType = file.xib; name = Base; path = Base.lproj/LaunchScreen.xib; sourceTree = "<group>"; };
		2CC5F1711AAB58110033DC29 /* WhiteMeteorTests.xctest */ = {isa = PBXFileReference; explicitFileType = wrapper.cfbundle; includeInIndex = 0; path = WhiteMeteorTests.xctest; sourceTree = BUILT_PRODUCTS_DIR; };
		2CC5F1761AAB58110033DC29 /* Info.plist */ = {isa = PBXFileReference; lastKnownFileType = text.plist.xml; path = Info.plist; sourceTree = "<group>"; };
		2CC5F1771AAB58110033DC29 /* WhiteMeteorTests.swift */ = {isa = PBXFileReference; lastKnownFileType = sourcecode.swift; path = WhiteMeteorTests.swift; sourceTree = "<group>"; };
/* End PBXFileReference section */

/* Begin PBXFrameworksBuildPhase section */
		2CC5F1591AAB58110033DC29 /* Frameworks */ = {
			isa = PBXFrameworksBuildPhase;
			buildActionMask = 2147483647;
			files = (
			);
			runOnlyForDeploymentPostprocessing = 0;
		};
		2CC5F16E1AAB58110033DC29 /* Frameworks */ = {
			isa = PBXFrameworksBuildPhase;
			buildActionMask = 2147483647;
			files = (
			);
			runOnlyForDeploymentPostprocessing = 0;
		};
/* End PBXFrameworksBuildPhase section */

/* Begin PBXGroup section */
		2CC5F1531AAB58100033DC29 = {
			isa = PBXGroup;
			children = (
				2CC5F15E1AAB58110033DC29 /* WhiteMeteor */,
				2CC5F1741AAB58110033DC29 /* WhiteMeteorTests */,
				2CC5F15D1AAB58110033DC29 /* Products */,
			);
			sourceTree = "<group>";
		};
		2CC5F15D1AAB58110033DC29 /* Products */ = {
			isa = PBXGroup;
			children = (
				2CC5F15C1AAB58110033DC29 /* WhiteMeteor.app */,
				2CC5F1711AAB58110033DC29 /* WhiteMeteorTests.xctest */,
			);
			name = Products;
			sourceTree = "<group>";
		};
		2CC5F15E1AAB58110033DC29 /* WhiteMeteor */ = {
			isa = PBXGroup;
			children = (
				2CC5F1611AAB58110033DC29 /* AppDelegate.swift */,
				2CC5F1631AAB58110033DC29 /* ViewController.swift */,
				2CC5F1651AAB58110033DC29 /* Main.storyboard */,
				2CC5F1681AAB58110033DC29 /* Images.xcassets */,
				2CC5F16A1AAB58110033DC29 /* LaunchScreen.xib */,
				2CC5F15F1AAB58110033DC29 /* Supporting Files */,
			);
			path = WhiteMeteor;
			sourceTree = "<group>";
		};
		2CC5F15F1AAB58110033DC29 /* Supporting Files */ = {
			isa = PBXGroup;
			children = (
				2CC5F1601AAB58110033DC29 /* Info.plist */,
			);
			name = "Supporting Files";
			sourceTree = "<group>";
		};
		2CC5F1741AAB58110033DC29 /* WhiteMeteorTests */ = {
			isa = PBXGroup;
			children = (
				2CC5F1771AAB58110033DC29 /* WhiteMeteorTests.swift */,
				2CC5F1751AAB58110033DC29 /* Supporting Files */,
			);
			path = WhiteMeteorTests;
			sourceTree = "<group>";
		};
		2CC5F1751AAB58110033DC29 /* Supporting Files */ = {
			isa = PBXGroup;
			children = (
				2CC5F1761AAB58110033DC29 /* Info.plist */,
			);
			name = "Supporting Files";
			sourceTree = "<group>";
		};
/* End PBXGroup section */

/* Begin PBXNativeTarget section */
		2CC5F15B1AAB58110033DC29 /* WhiteMeteor */ = {
			isa = PBXNativeTarget;
			buildConfigurationList = 2CC5F17B1AAB58110033DC29 /* Build configuration list for PBXNativeTarget "WhiteMeteor" */;
			buildPhases = (
				2CC5F1581AAB58110033DC29 /* Sources */,
				2CC5F1591AAB58110033DC29 /* Frameworks */,
				2CC5F15A1AAB58110033DC29 /* Resources */,
			);
			buildRules = (
			);
			dependencies = (
			);
			name = WhiteMeteor;
			productName = WhiteMeteor;
			productReference = 2CC5F15C1AAB58110033DC29 /* WhiteMeteor.app */;
			productType = "com.apple.product-type.application";
		};
		2CC5F1701AAB58110033DC29 /* WhiteMeteorTests */ = {
			isa = PBXNativeTarget;
			buildConfigurationList = 2CC5F17E1AAB58110033DC29 /* Build configuration list for PBXNativeTarget "WhiteMeteorTests" */;
			buildPhases = (
				2CC5F16D1AAB58110033DC29 /* Sources */,
				2CC5F16E1AAB58110033DC29 /* Frameworks */,
				2CC5F16F1AAB58110033DC29 /* Resources */,
			);
			buildRules = (
			);
			dependencies = (
				2CC5F1731AAB58110033DC29 /* PBXTargetDependency */,
			);
			name = WhiteMeteorTests;
			productName = WhiteMeteorTests;
			productReference = 2CC5F1711AAB58110033DC29 /* WhiteMeteorTests.xctest */;
			productType = "com.apple.product-type.bundle.unit-test";
		};
/* End PBXNativeTarget section */

/* Begin PBXProject section */
		2CC5F1541AAB58100033DC29 /* Project object */ = {
			isa = PBXProject;
			attributes = {
				LastUpgradeCheck = 0610;
				ORGANIZATIONNAME = misoton;
				TargetAttributes = {
					2CC5F15B1AAB58110033DC29 = {
						CreatedOnToolsVersion = 6.1.1;
					};
					2CC5F1701AAB58110033DC29 = {
						CreatedOnToolsVersion = 6.1.1;
						TestTargetID = 2CC5F15B1AAB58110033DC29;
					};
				};
			};
			buildConfigurationList = 2CC5F1571AAB58100033DC29 /* Build configuration list for PBXProject "WhiteMeteor" */;
			compatibilityVersion = "Xcode 3.2";
			developmentRegion = English;
			hasScannedForEncodings = 0;
			knownRegions = (
				en,
				Base,
			);
			mainGroup = 2CC5F1531AAB58100033DC29;
			productRefGroup = 2CC5F15D1AAB58110033DC29 /* Products */;
			projectDirPath = "";
			projectRoot = "";
			targets = (
				2CC5F15B1AAB58110033DC29 /* WhiteMeteor */,
				2CC5F1701AAB58110033DC29 /* WhiteMeteorTests */,
			);
		};
/* End PBXProject section */

/* Begin PBXResourcesBuildPhase section */
		2CC5F15A1AAB58110033DC29 /* Resources */ = {
			isa = PBXResourcesBuildPhase;
			buildActionMask = 2147483647;
			files = (
				2CC5F1671AAB58110033DC29 /* Main.storyboard in Resources */,
				2CC5F16C1AAB58110033DC29 /* LaunchScreen.xib in Resources */,
				2CC5F1691AAB58110033DC29 /* Images.xcassets in Resources */,
			);
			runOnlyForDeploymentPostprocessing = 0;
		};
		2CC5F16F1AAB58110033DC29 /* Resources */ = {
			isa = PBXResourcesBuildPhase;
			buildActionMask = 2147483647;
			files = (
			);
			runOnlyForDeploymentPostprocessing = 0;
		};
/* End PBXResourcesBuildPhase section */

/* Begin PBXSourcesBuildPhase section */
		2CC5F1581AAB58110033DC29 /* Sources */ = {
			isa = PBXSourcesBuildPhase;
			buildActionMask = 2147483647;
			files = (
				2CC5F1641AAB58110033DC29 /* ViewController.swift in Sources */,
				2CC5F1621AAB58110033DC29 /* AppDelegate.swift in Sources */,
			);
			runOnlyForDeploymentPostprocessing = 0;
		};
		2CC5F16D1AAB58110033DC29 /* Sources */ = {
			isa = PBXSourcesBuildPhase;
			buildActionMask = 2147483647;
			files = (
				2CC5F1781AAB58110033DC29 /* WhiteMeteorTests.swift in Sources */,
			);
			runOnlyForDeploymentPostprocessing = 0;
		};
/* End PBXSourcesBuildPhase section */

/* Begin PBXTargetDependency section */
		2CC5F1731AAB58110033DC29 /* PBXTargetDependency */ = {
			isa = PBXTargetDependency;
			target = 2CC5F15B1AAB58110033DC29 /* WhiteMeteor */;
			targetProxy = 2CC5F1721AAB58110033DC29 /* PBXContainerItemProxy */;
		};
/* End PBXTargetDependency section */

/* Begin PBXVariantGroup section */
		2CC5F1651AAB58110033DC29 /* Main.storyboard */ = {
			isa = PBXVariantGroup;
			children = (
				2CC5F1661AAB58110033DC29 /* Base */,
			);
			name = Main.storyboard;
			sourceTree = "<group>";
		};
		2CC5F16A1AAB58110033DC29 /* LaunchScreen.xib */ = {
			isa = PBXVariantGroup;
			children = (
				2CC5F16B1AAB58110033DC29 /* Base */,
			);
			name = LaunchScreen.xib;
			sourceTree = "<group>";
		};
/* End PBXVariantGroup section */

/* Begin XCBuildConfiguration section */
		2CC5F1791AAB58110033DC29 /* Debug */ = {
			isa = XCBuildConfiguration;
			buildSettings = {
				ALWAYS_SEARCH_USER_PATHS = NO;
				CLANG_CXX_LANGUAGE_STANDARD = "gnu++0x";
				CLANG_CXX_LIBRARY = "libc++";
				CLANG_ENABLE_MODULES = YES;
				CLANG_ENABLE_OBJC_ARC = YES;
				CLANG_WARN_BOOL_CONVERSION = YES;
				CLANG_WARN_CONSTANT_CONVERSION = YES;
				CLANG_WARN_DIRECT_OBJC_ISA_USAGE = YES_ERROR;
				CLANG_WARN_EMPTY_BODY = YES;
				CLANG_WARN_ENUM_CONVERSION = YES;
				CLANG_WARN_INT_CONVERSION = YES;
				CLANG_WARN_OBJC_ROOT_CLASS = YES_ERROR;
				CLANG_WARN_UNREACHABLE_CODE = YES;
				CLANG_WARN__DUPLICATE_METHOD_MATCH = YES;
				"CODE_SIGN_IDENTITY[sdk=iphoneos*]" = "iPhone Developer";
				COPY_PHASE_STRIP = NO;
				ENABLE_STRICT_OBJC_MSGSEND = YES;
				GCC_C_LANGUAGE_STANDARD = gnu99;
				GCC_DYNAMIC_NO_PIC = NO;
				GCC_OPTIMIZATION_LEVEL = 0;
				GCC_PREPROCESSOR_DEFINITIONS = (
					"DEBUG=1",
					"$(inherited)",
				);
				GCC_SYMBOLS_PRIVATE_EXTERN = NO;
				GCC_WARN_64_TO_32_BIT_CONVERSION = YES;
				GCC_WARN_ABOUT_RETURN_TYPE = YES_ERROR;
				GCC_WARN_UNDECLARED_SELECTOR = YES;
				GCC_WARN_UNINITIALIZED_AUTOS = YES_AGGRESSIVE;
				GCC_WARN_UNUSED_FUNCTION = YES;
				GCC_WARN_UNUSED_VARIABLE = YES;
				IPHONEOS_DEPLOYMENT_TARGET = 8.1;
				MTL_ENABLE_DEBUG_INFO = YES;
				ONLY_ACTIVE_ARCH = YES;
				SDKROOT = iphoneos;
				SWIFT_OPTIMIZATION_LEVEL = "-Onone";
				TARGETED_DEVICE_FAMILY = "1,2";
			};
			name = Debug;
		};
		2CC5F17A1AAB58110033DC29 /* Release */ = {
			isa = XCBuildConfiguration;
			buildSettings = {
				ALWAYS_SEARCH_USER_PATHS = NO;
				CLANG_CXX_LANGUAGE_STANDARD = "gnu++0x";
				CLANG_CXX_LIBRARY = "libc++";
				CLANG_ENABLE_MODULES = YES;
				CLANG_ENABLE_OBJC_ARC = YES;
				CLANG_WARN_BOOL_CONVERSION = YES;
				CLANG_WARN_CONSTANT_CONVERSION = YES;
				CLANG_WARN_DIRECT_OBJC_ISA_USAGE = YES_ERROR;
				CLANG_WARN_EMPTY_BODY = YES;
				CLANG_WARN_ENUM_CONVERSION = YES;
				CLANG_WARN_INT_CONVERSION = YES;
				CLANG_WARN_OBJC_ROOT_CLASS = YES_ERROR;
				CLANG_WARN_UNREACHABLE_CODE = YES;
				CLANG_WARN__DUPLICATE_METHOD_MATCH = YES;
				"CODE_SIGN_IDENTITY[sdk=iphoneos*]" = "iPhone Developer";
				COPY_PHASE_STRIP = YES;
				ENABLE_NS_ASSERTIONS = NO;
				ENABLE_STRICT_OBJC_MSGSEND = YES;
				GCC_C_LANGUAGE_STANDARD = gnu99;
				GCC_WARN_64_TO_32_BIT_CONVERSION = YES;
				GCC_WARN_ABOUT_RETURN_TYPE = YES_ERROR;
				GCC_WARN_UNDECLARED_SELECTOR = YES;
				GCC_WARN_UNINITIALIZED_AUTOS = YES_AGGRESSIVE;
				GCC_WARN_UNUSED_FUNCTION = YES;
				GCC_WARN_UNUSED_VARIABLE = YES;
				IPHONEOS_DEPLOYMENT_TARGET = 8.1;
				MTL_ENABLE_DEBUG_INFO = NO;
				SDKROOT = iphoneos;
				TARGETED_DEVICE_FAMILY = "1,2";
				VALIDATE_PRODUCT = YES;
			};
			name = Release;
		};
		2CC5F17C1AAB58110033DC29 /* Debug */ = {
			isa = XCBuildConfiguration;
			buildSettings = {
				ASSETCATALOG_COMPILER_APPICON_NAME = AppIcon;
				INFOPLIST_FILE = WhiteMeteor/Info.plist;
				LD_RUNPATH_SEARCH_PATHS = "$(inherited) @executable_path/Frameworks";
				PRODUCT_NAME = "$(TARGET_NAME)";
			};
			name = Debug;
		};
		2CC5F17D1AAB58110033DC29 /* Release */ = {
			isa = XCBuildConfiguration;
			buildSettings = {
				ASSETCATALOG_COMPILER_APPICON_NAME = AppIcon;
				INFOPLIST_FILE = WhiteMeteor/Info.plist;
				LD_RUNPATH_SEARCH_PATHS = "$(inherited) @executable_path/Frameworks";
				PRODUCT_NAME = "$(TARGET_NAME)";
			};
			name = Release;
		};
		2CC5F17F1AAB58110033DC29 /* Debug */ = {
			isa = XCBuildConfiguration;
			buildSettings = {
				BUNDLE_LOADER = "$(TEST_HOST)";
				FRAMEWORK_SEARCH_PATHS = (
					"$(SDKROOT)/Developer/Library/Frameworks",
					"$(inherited)",
				);
				GCC_PREPROCESSOR_DEFINITIONS = (
					"DEBUG=1",
					"$(inherited)",
				);
				INFOPLIST_FILE = WhiteMeteorTests/Info.plist;
				LD_RUNPATH_SEARCH_PATHS = "$(inherited) @executable_path/Frameworks @loader_path/Frameworks";
				PRODUCT_NAME = "$(TARGET_NAME)";
				TEST_HOST = "$(BUILT_PRODUCTS_DIR)/WhiteMeteor.app/WhiteMeteor";
			};
			name = Debug;
		};
		2CC5F1801AAB58110033DC29 /* Release */ = {
			isa = XCBuildConfiguration;
			buildSettings = {
				BUNDLE_LOADER = "$(TEST_HOST)";
				FRAMEWORK_SEARCH_PATHS = (
					"$(SDKROOT)/Developer/Library/Frameworks",
					"$(inherited)",
				);
				INFOPLIST_FILE = WhiteMeteorTests/Info.plist;
				LD_RUNPATH_SEARCH_PATHS = "$(inherited) @executable_path/Frameworks @loader_path/Frameworks";
				PRODUCT_NAME = "$(TARGET_NAME)";
				TEST_HOST = "$(BUILT_PRODUCTS_DIR)/WhiteMeteor.app/WhiteMeteor";
			};
			name = Release;
		};
/* End XCBuildConfiguration section */

/* Begin XCConfigurationList section */
		2CC5F1571AAB58100033DC29 /* Build configuration list for PBXProject "WhiteMeteor" */ = {
			isa = XCConfigurationList;
			buildConfigurations = (
				2CC5F1791AAB58110033DC29 /* Debug */,
				2CC5F17A1AAB58110033DC29 /* Release */,
			);
			defaultConfigurationIsVisible = 0;
			defaultConfigurationName = Release;
		};
		2CC5F17B1AAB58110033DC29 /* Build configuration list for PBXNativeTarget "WhiteMeteor" */ = {
			isa = XCConfigurationList;
			buildConfigurations = (
				2CC5F17C1AAB58110033DC29 /* Debug */,
				2CC5F17D1AAB58110033DC29 /* Release */,
			);
			defaultConfigurationIsVisible = 0;
		};
		2CC5F17E1AAB58110033DC29 /* Build configuration list for PBXNativeTarget "WhiteMeteorTests" */ = {
			isa = XCConfigurationList;
			buildConfigurations = (
				2CC5F17F1AAB58110033DC29 /* Debug */,
				2CC5F1801AAB58110033DC29 /* Release */,
			);
			defaultConfigurationIsVisible = 0;
		};
/* End XCConfigurationList section */
	};
	rootObject = 2CC5F1541AAB58100033DC29 /* Project object */;
}
